{
    "_readme": [
        "This file locks the dependencies of your project to a known state",
        "Read more about it at https://getcomposer.org/doc/01-basic-usage.md#installing-dependencies",
        "This file is @generated automatically"
    ],
    "content-hash": "c325d209e6289a388b4dc0eec7e8430d",
    "packages": [
        {
            "name": "globalcitizen/php-iban",
            "version": "v4.1.0",
            "source": {
                "type": "git",
                "url": "https://github.com/globalcitizen/php-iban.git",
                "reference": "5bf5d7df0bd0158460897f2b9c26eda91bbf9b7d"
            },
            "dist": {
                "type": "zip",
                "url": "https://api.github.com/repos/globalcitizen/php-iban/zipball/5bf5d7df0bd0158460897f2b9c26eda91bbf9b7d",
                "reference": "5bf5d7df0bd0158460897f2b9c26eda91bbf9b7d",
                "shasum": ""
            },
            "type": "library",
            "autoload": {
                "files": [
                    "oophp-iban.php",
                    "php-iban.php"
                ]
            },
            "notification-url": "https://packagist.org/downloads/",
            "license": [
                "LGPL-3.0-only"
            ],
            "description": "php-iban is a library for parsing and validating IBAN (and IIBAN) bank account information.",
            "support": {
                "issues": "https://github.com/globalcitizen/php-iban/issues",
                "source": "https://github.com/globalcitizen/php-iban/tree/v4.1.0"
            },
            "time": "2021-07-01T23:55:02+00:00"
        }
    ],
    "packages-dev": [],
    "aliases": [],
    "minimum-stability": "stable",
    "stability-flags": [],
    "prefer-stable": false,
    "prefer-lowest": false,
    "platform": [],
    "platform-dev": [],
    "plugin-api-version": "2.1.0"
}
